
Microsoft Visual Studio Solution File, Format Version 12.00
# Visual Studio Version 16
VisualStudioVersion = 16.0.33328.57
MinimumVisualStudioVersion = 10.0.40219.1
Project("{FAE04EC0-301F-11D3-BF4B-00C04F79EFBC}") = "CalculExempleGIT", "CalculExempleGIT\CalculExempleGIT.csproj", "{C8E3F838-2F89-4265-ADA0-02A6A8B7F46D}"
EndProject
Global
	GlobalSection(SolutionConfigurationPlatforms) = preSolution
		Debug|Any CPU = Debug|Any CPU
		Release|Any CPU = Release|Any CPU
	EndGlobalSection
	GlobalSection(ProjectConfigurationPlatforms) = postSolution
		{C8E3F838-2F89-4265-ADA0-02A6A8B7F46D}.Debug|Any CPU.ActiveCfg = Debug|Any CPU
		{C8E3F838-2F89-4265-ADA0-02A6A8B7F46D}.Debug|Any CPU.Build.0 = Debug|Any CPU
		{C8E3F838-2F89-4265-ADA0-02A6A8B7F46D}.Release|Any CPU.ActiveCfg = Release|Any CPU
		{C8E3F838-2F89-4265-ADA0-02A6A8B7F46D}.Release|Any CPU.Build.0 = Release|Any CPU
	EndGlobalSection
	GlobalSection(SolutionProperties) = preSolution
		HideSolutionNode = FALSE
	EndGlobalSection
	GlobalSection(ExtensibilityGlobals) = postSolution
		SolutionGuid = {14F47AD4-98EA-4E1A-B34E-BEA36276B65C}
	EndGlobalSection
EndGlobal
